{
    "hash": "9192b89919af306e2928d5b03029e9bc",
    "packages": [
        {
            "package": "allplayers/allplayers.php",
            "version": "dev-guzzle-allplayers",
            "source-reference": "0a73d9ac72a7fe9bb5c4cc53d107877a0499bd4b",
            "commit-date": "1348855813"
        },
        {
            "package": "guzzle/guzzle",
            "version": "v2.8.7"
        },
        {
            "package": "pimple/pimple",
            "version": "dev-master",
            "alias-pretty-version": "1.0.x-dev",
            "alias-version": "1.0.9999999.9999999-dev"
        },
        {
            "package": "pimple/pimple",
            "version": "dev-master",
            "source-reference": "b9f27b8dc18c08f00627dec02359b46a24791dc3",
            "commit-date": "1347278988"
        },
        {
            "package": "silex/silex",
            "version": "dev-master",
            "alias-pretty-version": "1.0.x-dev",
            "alias-version": "1.0.9999999.9999999-dev"
        },
        {
            "package": "silex/silex",
            "version": "dev-master",
            "source-reference": "fc82b4255ef081dd7d464c5320ca93a902f9190f",
            "commit-date": "1349013590"
        },
        {
            "package": "symfony/event-dispatcher",
            "version": "2.1.x-dev",
            "source-reference": "v2.1.2",
            "commit-date": "1347274422"
        },
        {
            "package": "symfony/http-foundation",
            "version": "2.1.x-dev",
            "source-reference": "c6d48206a04fc2aa75d396bb23f0152f33eaab0c",
            "commit-date": "1348937790"
        },
        {
            "package": "symfony/http-kernel",
            "version": "2.1.x-dev",
            "source-reference": "1859e49f38c705b6241510dc7d577fbae65e7ca6",
            "commit-date": "1349083395"
        },
        {
            "package": "symfony/routing",
            "version": "2.1.x-dev",
            "source-reference": "v2.1.2",
            "commit-date": "1347274422"
        },
        {
            "package": "twig/twig",
            "version": "dev-master",
            "alias-pretty-version": "1.10.x-dev",
            "alias-version": "1.10.9999999.9999999-dev"
        },
        {
            "package": "twig/twig",
            "version": "dev-master",
            "source-reference": "120cde3fa54c31047edf1cd003752ca119dec9a8",
            "commit-date": "1348936415"
        }
    ],
    "packages-dev": [
        {
            "package": "behat/behat",
            "version": "v2.4.0"
        },
        {
            "package": "behat/gherkin",
            "version": "v2.2.5"
        },
        {
            "package": "behat/mink",
            "version": "dev-develop",
            "alias-pretty-version": "1.4.x-dev",
            "alias-version": "1.4.9999999.9999999-dev"
        },
        {
            "package": "behat/mink",
            "version": "dev-develop",
            "source-reference": "7e4b1e57d6dfd787436e2aad7073f519a0dd175e",
            "commit-date": "1348131331"
        },
        {
            "package": "behat/mink-browserkit-driver",
            "version": "dev-master",
            "source-reference": "97fa7d67ab5afb13d74515c15ef5c0cab12c0bc0",
            "commit-date": "1341477260"
        },
        {
            "package": "behat/mink-extension",
            "version": "dev-master",
            "source-reference": "7653c3ca1f35fb1b52407a08d6b5e934a8a194ae",
            "commit-date": "1348916525"
        },
        {
            "package": "behat/mink-goutte-driver",
            "version": "dev-master",
            "source-reference": "703a365a0f6c15f91f35c1cc30531b9de7f23a6d",
            "commit-date": "1345633817"
        },
        {
            "package": "behat/mink-selenium2-driver",
            "version": "dev-master",
            "source-reference": "599c232b555ba78c67e03ab328d0c9d49c35e989",
            "commit-date": "1348181707"
        },
        {
            "package": "fabpot/goutte",
            "version": "dev-master",
            "alias-pretty-version": "1.0.x-dev",
            "alias-version": "1.0.9999999.9999999-dev"
        },
        {
            "package": "fabpot/goutte",
            "version": "dev-master",
            "source-reference": "1d72f22b21b37a8d38ea48e17b34c3afc73dfc46",
            "commit-date": "1346234818"
        },
        {
            "package": "instaclick/php-webdriver",
            "version": "dev-master",
            "source-reference": "v1.0.7",
            "commit-date": "1348778354"
        },
        {
            "package": "symfony/browser-kit",
            "version": "2.1.x-dev",
            "source-reference": "v2.1.2",
            "commit-date": "1347274422"
        },
        {
            "package": "symfony/config",
            "version": "2.1.x-dev",
            "source-reference": "5ab20cf4065009c9c5b362e1aa30056a5075e268",
            "commit-date": "1348748941"
        },
        {
            "package": "symfony/console",
            "version": "2.1.x-dev",
            "source-reference": "1fbfb98e6b976189947df1b519b029e0d967d3f5",
            "commit-date": "1348842916"
        },
        {
            "package": "symfony/css-selector",
            "version": "2.1.x-dev",
            "source-reference": "v2.1.0-RC2",
            "commit-date": "1345643321"
        },
        {
            "package": "symfony/dependency-injection",
            "version": "2.1.x-dev",
            "source-reference": "v2.1.2",
            "commit-date": "1347914517"
        },
        {
            "package": "symfony/dom-crawler",
            "version": "2.1.x-dev",
            "source-reference": "fadb29776829ab7d2ebd05714b638f477a240e55",
            "commit-date": "1348563803"
        },
        {
            "package": "symfony/finder",
            "version": "2.1.x-dev",
            "source-reference": "v2.1.2",
            "commit-date": "1345643321"
        },
        {
            "package": "symfony/process",
            "version": "2.1.x-dev",
            "source-reference": "f43a1238556d15486d73e5a5c741636eb8e52cff",
            "commit-date": "1348580933"
        },
        {
            "package": "symfony/translation",
            "version": "2.1.x-dev",
            "source-reference": "4fea82d0765c03026c174231c220b50e251fc322",
            "commit-date": "1348842738"
        },
        {
            "package": "symfony/yaml",
            "version": "2.1.x-dev",
            "source-reference": "v2.1.0-RC2",
            "commit-date": "1345643321"
        }
    ],
    "aliases": [

    ],
    "minimum-stability": "dev",
    "stability-flags": {
        "allplayers/allplayers.php": 20,
        "behat/behat": 0
    }
}
